
Microsoft Visual Studio Solution File, Format Version 12.00
# Visual Studio 15
VisualStudioVersion = 15.0.28307.1022
MinimumVisualStudioVersion = 10.0.40219.1
Project("{FAE04EC0-301F-11D3-BF4B-00C04F79EFBC}") = "B01MihalyDaniel", "B01MihalyDaniel\B01MihalyDaniel.csproj", "{2D9F1F36-DA81-44E8-AE5B-BD97A7141CE9}"
EndProject
Global
	GlobalSection(SolutionConfigurationPlatforms) = preSolution
		Debug|Any CPU = Debug|Any CPU
		Release|Any CPU = Release|Any CPU
	EndGlobalSection
	GlobalSection(ProjectConfigurationPlatforms) = postSolution
		{2D9F1F36-DA81-44E8-AE5B-BD97A7141CE9}.Debug|Any CPU.ActiveCfg = Debug|Any CPU
		{2D9F1F36-DA81-44E8-AE5B-BD97A7141CE9}.Debug|Any CPU.Build.0 = Debug|Any CPU
		{2D9F1F36-DA81-44E8-AE5B-BD97A7141CE9}.Release|Any CPU.ActiveCfg = Release|Any CPU
		{2D9F1F36-DA81-44E8-AE5B-BD97A7141CE9}.Release|Any CPU.Build.0 = Release|Any CPU
	EndGlobalSection
	GlobalSection(SolutionProperties) = preSolution
		HideSolutionNode = FALSE
	EndGlobalSection
	GlobalSection(ExtensibilityGlobals) = postSolution
		SolutionGuid = {76FB2232-159D-4723-A0B8-9F00446EAEBD}
	EndGlobalSection
EndGlobal
